
Microsoft Visual Studio Solution File, Format Version 12.00
# Visual Studio Version 16
VisualStudioVersion = 16.0.29806.167
MinimumVisualStudioVersion = 10.0.40219.1
Project("{FAE04EC0-301F-11D3-BF4B-00C04F79EFBC}") = "DemoEntryExams", "DemoEntryExams\DemoEntryExams.csproj", "{746FB9F9-CFC4-41BE-9097-BD866179A04B}"
EndProject
Global
	GlobalSection(SolutionConfigurationPlatforms) = preSolution
		Debug|Any CPU = Debug|Any CPU
		Release|Any CPU = Release|Any CPU
	EndGlobalSection
	GlobalSection(ProjectConfigurationPlatforms) = postSolution
		{746FB9F9-CFC4-41BE-9097-BD866179A04B}.Debug|Any CPU.ActiveCfg = Debug|Any CPU
		{746FB9F9-CFC4-41BE-9097-BD866179A04B}.Debug|Any CPU.Build.0 = Debug|Any CPU
		{746FB9F9-CFC4-41BE-9097-BD866179A04B}.Release|Any CPU.ActiveCfg = Release|Any CPU
		{746FB9F9-CFC4-41BE-9097-BD866179A04B}.Release|Any CPU.Build.0 = Release|Any CPU
	EndGlobalSection
	GlobalSection(SolutionProperties) = preSolution
		HideSolutionNode = FALSE
	EndGlobalSection
	GlobalSection(ExtensibilityGlobals) = postSolution
		SolutionGuid = {CCA2950A-F3D5-4CF7-91EB-9754F15ADB90}
	EndGlobalSection
EndGlobal
